
Microsoft Visual Studio Solution File, Format Version 12.00
# Visual Studio 11
Project("{FAE04EC0-301F-11D3-BF4B-00C04F79EFBC}") = "Blogosphere", "Blogosphere\Blogosphere.csproj", "{562C0621-5EB3-40F0-9495-EC39B6E215BA}"
EndProject
Global
	GlobalSection(SolutionConfigurationPlatforms) = preSolution
		Debug|Any CPU = Debug|Any CPU
		Release|Any CPU = Release|Any CPU
	EndGlobalSection
	GlobalSection(ProjectConfigurationPlatforms) = postSolution
		{562C0621-5EB3-40F0-9495-EC39B6E215BA}.Debug|Any CPU.ActiveCfg = Debug|Any CPU
		{562C0621-5EB3-40F0-9495-EC39B6E215BA}.Debug|Any CPU.Build.0 = Debug|Any CPU
		{562C0621-5EB3-40F0-9495-EC39B6E215BA}.Release|Any CPU.ActiveCfg = Release|Any CPU
		{562C0621-5EB3-40F0-9495-EC39B6E215BA}.Release|Any CPU.Build.0 = Release|Any CPU
	EndGlobalSection
	GlobalSection(SolutionProperties) = preSolution
		HideSolutionNode = FALSE
	EndGlobalSection
EndGlobal
